
Microsoft Visual Studio Solution File, Format Version 12.00
# Visual Studio Version 16
VisualStudioVersion = 16.0.30309.148
MinimumVisualStudioVersion = 10.0.40219.1
Project("{8BC9CEB8-8B4A-11D0-8D11-00A0C91BC942}") = "Unit 1 project", "Unit 1 project\Unit 1 project.vcxproj", "{5F5886E9-29D9-475E-9157-7242FED4A9AC}"
EndProject
Global
	GlobalSection(SolutionConfigurationPlatforms) = preSolution
		Debug|x64 = Debug|x64
		Debug|x86 = Debug|x86
		Release|x64 = Release|x64
		Release|x86 = Release|x86
	EndGlobalSection
	GlobalSection(ProjectConfigurationPlatforms) = postSolution
		{5F5886E9-29D9-475E-9157-7242FED4A9AC}.Debug|x64.ActiveCfg = Debug|x64
		{5F5886E9-29D9-475E-9157-7242FED4A9AC}.Debug|x64.Build.0 = Debug|x64
		{5F5886E9-29D9-475E-9157-7242FED4A9AC}.Debug|x86.ActiveCfg = Debug|Win32
		{5F5886E9-29D9-475E-9157-7242FED4A9AC}.Debug|x86.Build.0 = Debug|Win32
		{5F5886E9-29D9-475E-9157-7242FED4A9AC}.Release|x64.ActiveCfg = Release|x64
		{5F5886E9-29D9-475E-9157-7242FED4A9AC}.Release|x64.Build.0 = Release|x64
		{5F5886E9-29D9-475E-9157-7242FED4A9AC}.Release|x86.ActiveCfg = Release|Win32
		{5F5886E9-29D9-475E-9157-7242FED4A9AC}.Release|x86.Build.0 = Release|Win32
	EndGlobalSection
	GlobalSection(SolutionProperties) = preSolution
		HideSolutionNode = FALSE
	EndGlobalSection
	GlobalSection(ExtensibilityGlobals) = postSolution
		SolutionGuid = {0553A93A-AAE4-446F-8A84-735DADC763CF}
	EndGlobalSection
EndGlobal
